
Microsoft Visual Studio Solution File, Format Version 12.00
# Visual Studio 15
VisualStudioVersion = 15.0.28307.539
MinimumVisualStudioVersion = 10.0.40219.1
Project("{FAE04EC0-301F-11D3-BF4B-00C04F79EFBC}") = "Polym", "Polym\Polym.csproj", "{227D1235-B8C2-4839-B961-41DE627C4FA8}"
EndProject
Project("{FAE04EC0-301F-11D3-BF4B-00C04F79EFBC}") = "TestInh", "TestInh\TestInh.csproj", "{2650DE1B-963E-47DB-9110-228C494619F7}"
EndProject
Global
	GlobalSection(SolutionConfigurationPlatforms) = preSolution
		Debug|Any CPU = Debug|Any CPU
		Release|Any CPU = Release|Any CPU
	EndGlobalSection
	GlobalSection(ProjectConfigurationPlatforms) = postSolution
		{227D1235-B8C2-4839-B961-41DE627C4FA8}.Debug|Any CPU.ActiveCfg = Debug|Any CPU
		{227D1235-B8C2-4839-B961-41DE627C4FA8}.Debug|Any CPU.Build.0 = Debug|Any CPU
		{227D1235-B8C2-4839-B961-41DE627C4FA8}.Release|Any CPU.ActiveCfg = Release|Any CPU
		{227D1235-B8C2-4839-B961-41DE627C4FA8}.Release|Any CPU.Build.0 = Release|Any CPU
		{2650DE1B-963E-47DB-9110-228C494619F7}.Debug|Any CPU.ActiveCfg = Debug|Any CPU
		{2650DE1B-963E-47DB-9110-228C494619F7}.Debug|Any CPU.Build.0 = Debug|Any CPU
		{2650DE1B-963E-47DB-9110-228C494619F7}.Release|Any CPU.ActiveCfg = Release|Any CPU
		{2650DE1B-963E-47DB-9110-228C494619F7}.Release|Any CPU.Build.0 = Release|Any CPU
	EndGlobalSection
	GlobalSection(SolutionProperties) = preSolution
		HideSolutionNode = FALSE
	EndGlobalSection
	GlobalSection(ExtensibilityGlobals) = postSolution
		SolutionGuid = {EE7F2C36-0982-4686-9309-7D05FFF5E64D}
	EndGlobalSection
EndGlobal
