
Microsoft Visual Studio Solution File, Format Version 12.00
# Visual Studio 15
VisualStudioVersion = 15.0.28307.539
MinimumVisualStudioVersion = 10.0.40219.1
Project("{FAE04EC0-301F-11D3-BF4B-00C04F79EFBC}") = "Memers", "Memers\Memers.csproj", "{17384B20-A21C-4AC7-88E6-89E4172C20C6}"
EndProject
Global
	GlobalSection(SolutionConfigurationPlatforms) = preSolution
		Debug|Any CPU = Debug|Any CPU
		Release|Any CPU = Release|Any CPU
	EndGlobalSection
	GlobalSection(ProjectConfigurationPlatforms) = postSolution
		{17384B20-A21C-4AC7-88E6-89E4172C20C6}.Debug|Any CPU.ActiveCfg = Debug|Any CPU
		{17384B20-A21C-4AC7-88E6-89E4172C20C6}.Debug|Any CPU.Build.0 = Debug|Any CPU
		{17384B20-A21C-4AC7-88E6-89E4172C20C6}.Release|Any CPU.ActiveCfg = Release|Any CPU
		{17384B20-A21C-4AC7-88E6-89E4172C20C6}.Release|Any CPU.Build.0 = Release|Any CPU
	EndGlobalSection
	GlobalSection(SolutionProperties) = preSolution
		HideSolutionNode = FALSE
	EndGlobalSection
	GlobalSection(ExtensibilityGlobals) = postSolution
		SolutionGuid = {CEBBC6E2-3254-48AF-BC6E-D80114A08DC3}
	EndGlobalSection
EndGlobal
