
Microsoft Visual Studio Solution File, Format Version 12.00
# Visual Studio 15
VisualStudioVersion = 15.0.28307.539
MinimumVisualStudioVersion = 10.0.40219.1
Project("{FAE04EC0-301F-11D3-BF4B-00C04F79EFBC}") = "Arrayz", "Arrayz\Arrayz.csproj", "{830535EA-558A-4FF2-892F-FE1F63F92BF6}"
EndProject
Global
	GlobalSection(SolutionConfigurationPlatforms) = preSolution
		Debug|Any CPU = Debug|Any CPU
		Release|Any CPU = Release|Any CPU
	EndGlobalSection
	GlobalSection(ProjectConfigurationPlatforms) = postSolution
		{830535EA-558A-4FF2-892F-FE1F63F92BF6}.Debug|Any CPU.ActiveCfg = Debug|Any CPU
		{830535EA-558A-4FF2-892F-FE1F63F92BF6}.Debug|Any CPU.Build.0 = Debug|Any CPU
		{830535EA-558A-4FF2-892F-FE1F63F92BF6}.Release|Any CPU.ActiveCfg = Release|Any CPU
		{830535EA-558A-4FF2-892F-FE1F63F92BF6}.Release|Any CPU.Build.0 = Release|Any CPU
	EndGlobalSection
	GlobalSection(SolutionProperties) = preSolution
		HideSolutionNode = FALSE
	EndGlobalSection
	GlobalSection(ExtensibilityGlobals) = postSolution
		SolutionGuid = {BD4199EE-7FCB-4573-A68A-BE825A7A679C}
	EndGlobalSection
EndGlobal
