
Microsoft Visual Studio Solution File, Format Version 12.00
# Visual Studio 15
VisualStudioVersion = 15.0.28307.539
MinimumVisualStudioVersion = 10.0.40219.1
Project("{FAE04EC0-301F-11D3-BF4B-00C04F79EFBC}") = "Inherited", "Inherited\Inherited.csproj", "{230334B7-48F6-485A-8E60-6178F2111E65}"
EndProject
Global
	GlobalSection(SolutionConfigurationPlatforms) = preSolution
		Debug|Any CPU = Debug|Any CPU
		Release|Any CPU = Release|Any CPU
	EndGlobalSection
	GlobalSection(ProjectConfigurationPlatforms) = postSolution
		{230334B7-48F6-485A-8E60-6178F2111E65}.Debug|Any CPU.ActiveCfg = Debug|Any CPU
		{230334B7-48F6-485A-8E60-6178F2111E65}.Debug|Any CPU.Build.0 = Debug|Any CPU
		{230334B7-48F6-485A-8E60-6178F2111E65}.Release|Any CPU.ActiveCfg = Release|Any CPU
		{230334B7-48F6-485A-8E60-6178F2111E65}.Release|Any CPU.Build.0 = Release|Any CPU
	EndGlobalSection
	GlobalSection(SolutionProperties) = preSolution
		HideSolutionNode = FALSE
	EndGlobalSection
	GlobalSection(ExtensibilityGlobals) = postSolution
		SolutionGuid = {582A3C9D-481E-4052-B2B0-27C61BA858B1}
	EndGlobalSection
EndGlobal
